lockfileVersion: 5.4

specifiers:
  '@airplanegobrr/database': ^1.0.5
  eris: ^0.17.1

dependencies:
  '@airplanegobrr/database': 1.0.5
  eris: 0.17.1

packages:

  /@airplanegobrr/database/1.0.5:
    resolution: {integrity: sha512-+HR0KxswxToMWNJWE/OHqSkAwNxr5TPsTI3Sa5nDiAtQhSfpqyq1MI9sIBNqkO0NkRkphmRfOnuYs96cVI3p6A==}
    dev: false

  /eris/0.17.1:
    resolution: {integrity: sha512-PexpHusPxViuzcsSM0GQEAgZRJbziFfeeLifc8+ZrvS88UusPieQlUD7pRm28E7m7rN+p+Rt6bf9jGLwD725Zg==}
    engines: {node: '>=10.4.0'}
    dependencies:
      ws: 8.12.1
    optionalDependencies:
      opusscript: 0.0.8
      tweetnacl: 1.0.3
    transitivePeerDependencies:
      - bufferutil
      - utf-8-validate
    dev: false

  /opusscript/0.0.8:
    resolution: {integrity: sha512-VSTi1aWFuCkRCVq+tx/BQ5q9fMnQ9pVZ3JU4UHKqTkf0ED3fKEPdr+gKAAl3IA2hj9rrP6iyq3hlcJq3HELtNQ==}
    requiresBuild: true
    dev: false
    optional: true

  /tweetnacl/1.0.3:
    resolution: {integrity: sha512-6rt+RN7aOi1nGMyC4Xa5DdYiukl2UWCbcJft7YhxReBGQD7OAM8Pbxw6YMo4r2diNEA8FEmu32YOn9rhaiE5yw==}
    requiresBuild: true
    dev: false
    optional: true

  /ws/8.12.1:
    resolution: {integrity: sha512-1qo+M9Ba+xNhPB+YTWUlK6M17brTut5EXbcBaMRN5pH5dFrXz7lzz1ChFSUq3bOUl8yEvSenhHmYUNJxFzdJew==}
    engines: {node: '>=10.0.0'}
    peerDependencies:
      bufferutil: ^4.0.1
      utf-8-validate: '>=5.0.2'
    peerDependenciesMeta:
      bufferutil:
        optional: true
      utf-8-validate:
        optional: true
    dev: false
